<?xml version="1.0" encoding="utf-8"?>
<Project ToolsVersion="4.0" xmlns="http://schemas.microsoft.com/developer/msbuild/2003">
  <ItemGroup>
    <Filter Include="Config">
      <UniqueIdentifier>{8f82944c-446d-4d92-baa1-2ee14e537e82}</UniqueIdentifier>
    </Filter>
    <Filter Include="Core">
      <UniqueIdentifier>{7a0864c6-61e4-4b0b-a1a9-67570982baf9}</UniqueIdentifier>
    </Filter>
    <Filter Include="CrashHandler">
      <UniqueIdentifier>{5e93ab57-bd09-46ed-902d-51a5d1389b5c}</UniqueIdentifier>
    </Filter>
    <Filter Include="Delegate">
      <UniqueIdentifier>{31546571-b6f5-445b-8ddd-8d23107e7f3f}</UniqueIdentifier>
    </Filter>
    <Filter Include="Misc">
      <UniqueIdentifier>{4d233bd9-3707-416a-8edf-cd00756897bd}</UniqueIdentifier>
    </Filter>
    <Filter Include="Windows">
      <UniqueIdentifier>{ed08c4a6-a0f1-4450-8317-bc9b5afd360f}</UniqueIdentifier>
    </Filter>
    <Filter Include="Logger">
      <UniqueIdentifier>{401074cf-aedd-468e-a128-3287086479c1}</UniqueIdentifier>
    </Filter>
  </ItemGroup>
  <ItemGroup>
    <ClInclude Include="Public\Config\ConfigManager.h">
      <Filter>Config</Filter>
    </ClInclude>
    <ClInclude Include="Public\Config\IniKey.h">
      <Filter>Config</Filter>
    </ClInclude>
    <ClInclude Include="Public\Config\IniSection.h">
      <Filter>Config</Filter>
    </ClInclude>
    <ClInclude Include="Public\Config\IniSectionNode.h">
      <Filter>Config</Filter>
    </ClInclude>
    <ClInclude Include="Public\Config\IniValue.h">
      <Filter>Config</Filter>
    </ClInclude>
    <ClInclude Include="Public\Core\CoreAPI.h">
      <Filter>Core</Filter>
    </ClInclude>
    <ClInclude Include="Public\Core\CoreAssertion.h">
      <Filter>Core</Filter>
    </ClInclude>
    <ClInclude Include="Public\Core\CoreDLL.h">
      <Filter>Core</Filter>
    </ClInclude>
    <ClInclude Include="Public\Core\CorePCH.h">
      <Filter>Core</Filter>
    </ClInclude>
    <ClInclude Include="Public\Core\CoreDefine.h">
      <Filter>Core</Filter>
    </ClInclude>
    <ClInclude Include="Public\CrashHandler\CrashHandler.h">
      <Filter>CrashHandler</Filter>
    </ClInclude>
    <ClInclude Include="Public\Delegate\DelegateBase.h">
      <Filter>Delegate</Filter>
    </ClInclude>
    <ClInclude Include="Public\Delegate\DelegateEvent.h">
      <Filter>Delegate</Filter>
    </ClInclude>
    <ClInclude Include="Public\Delegate\DelegateHandle.h">
      <Filter>Delegate</Filter>
    </ClInclude>
    <ClInclude Include="Public\Delegate\DelegateRawEvent.h">
      <Filter>Delegate</Filter>
    </ClInclude>
    <ClInclude Include="Public\Delegate\DelegateSharedEvent.h">
      <Filter>Delegate</Filter>
    </ClInclude>
    <ClInclude Include="Public\Delegate\DelegateStaticEvent.h">
      <Filter>Delegate</Filter>
    </ClInclude>
    <ClInclude Include="Public\Delegate\MultiCastDelegate.h">
      <Filter>Delegate</Filter>
    </ClInclude>
    <ClInclude Include="Public\Delegate\TypeDefine.h">
      <Filter>Delegate</Filter>
    </ClInclude>
    <ClInclude Include="Public\Delegate\UniCastDelegate.h">
      <Filter>Delegate</Filter>
    </ClInclude>
    <ClInclude Include="Public\Misc\Paths.h">
      <Filter>Misc</Filter>
    </ClInclude>
    <ClInclude Include="Public\Misc\SystemInfo.h">
      <Filter>Misc</Filter>
    </ClInclude>
    <ClInclude Include="Public\Misc\Utils.h">
      <Filter>Misc</Filter>
    </ClInclude>
    <ClInclude Include="Public\Windows\NativeWindow.h">
      <Filter>Windows</Filter>
    </ClInclude>
    <ClInclude Include="Public\Windows\PowerShell.h">
      <Filter>Windows</Filter>
    </ClInclude>
    <ClInclude Include="Public\Windows\ProcessPipe.h">
      <Filter>Windows</Filter>
    </ClInclude>
    <ClInclude Include="Public\Windows\ProcessReceivingPipe.h">
      <Filter>Windows</Filter>
    </ClInclude>
    <ClInclude Include="Public\Windows\ProcessSendingPipe.h">
      <Filter>Windows</Filter>
    </ClInclude>
    <ClInclude Include="Public\Windows\WindowsEvent.h">
      <Filter>Windows</Filter>
    </ClInclude>
    <ClInclude Include="Private\CrashHandler\StackWalker.h">
      <Filter>CrashHandler</Filter>
    </ClInclude>
    <ClInclude Include="Private\Config\ConfigManagerImpl.h">
      <Filter>Config</Filter>
    </ClInclude>
    <ClInclude Include="Public\Logger\Logger.h">
      <Filter>Logger</Filter>
    </ClInclude>
    <ClInclude Include="Public\Logger\LogLevel.h">
      <Filter>Logger</Filter>
    </ClInclude>
    <ClInclude Include="Public\Logger\ScopedLogLevel.h">
      <Filter>Logger</Filter>
    </ClInclude>
  </ItemGroup>
  <ItemGroup>
    <ClCompile Include="Private\Windows\NativeWindow.cpp">
      <Filter>Windows</Filter>
    </ClCompile>
    <ClCompile Include="Private\Windows\PowerShell.cpp">
      <Filter>Windows</Filter>
    </ClCompile>
    <ClCompile Include="Private\Windows\ProcessPipe.cpp">
      <Filter>Windows</Filter>
    </ClCompile>
    <ClCompile Include="Private\Windows\ProcessReceivingPipe.cpp">
      <Filter>Windows</Filter>
    </ClCompile>
    <ClCompile Include="Private\Windows\ProcessSendingPipe.cpp">
      <Filter>Windows</Filter>
    </ClCompile>
    <ClCompile Include="Private\Windows\WindowsEvent.cpp">
      <Filter>Windows</Filter>
    </ClCompile>
    <ClCompile Include="Private\Misc\Paths.cpp">
      <Filter>Misc</Filter>
    </ClCompile>
    <ClCompile Include="Private\Misc\SystemInfo.cpp">
      <Filter>Misc</Filter>
    </ClCompile>
    <ClCompile Include="Private\Misc\Utils.cpp">
      <Filter>Misc</Filter>
    </ClCompile>
    <ClCompile Include="Private\CrashHandler\CrashHandler.cpp">
      <Filter>CrashHandler</Filter>
    </ClCompile>
    <ClCompile Include="Private\CrashHandler\StackWalker.cpp">
      <Filter>CrashHandler</Filter>
    </ClCompile>
    <ClCompile Include="Private\Core\CorePCH.cpp">
      <Filter>Core</Filter>
    </ClCompile>
    <ClCompile Include="Private\Config\ConfigManager.cpp">
      <Filter>Config</Filter>
    </ClCompile>
    <ClCompile Include="Private\Config\ConfigManagerImpl.cpp">
      <Filter>Config</Filter>
    </ClCompile>
    <ClCompile Include="Private\Config\IniKey.cpp">
      <Filter>Config</Filter>
    </ClCompile>
    <ClCompile Include="Private\Config\IniSection.cpp">
      <Filter>Config</Filter>
    </ClCompile>
    <ClCompile Include="Private\Config\IniSectionNode.cpp">
      <Filter>Config</Filter>
    </ClCompile>
    <ClCompile Include="Private\Config\IniValue.cpp">
      <Filter>Config</Filter>
    </ClCompile>
    <ClCompile Include="Private\Logger\Logger.cpp">
      <Filter>Logger</Filter>
    </ClCompile>
    <ClCompile Include="Private\Logger\ScopedLogLevel.cpp">
      <Filter>Logger</Filter>
    </ClCompile>
  </ItemGroup>
</Project>