<?xml version="1.0" encoding="utf-8"?>
<Project ToolsVersion="4.0" xmlns="http://schemas.microsoft.com/developer/msbuild/2003">
  <ItemGroup>
    <Filter Include="spdlog">
      <UniqueIdentifier>{bf34c98a-932f-4e49-9d65-386ffdbde505}</UniqueIdentifier>
    </Filter>
    <Filter Include="Logger">
      <UniqueIdentifier>{92ffd762-7dd0-4c2f-aff0-e00d192d283e}</UniqueIdentifier>
    </Filter>
    <Filter Include="spdlog\cfg">
      <UniqueIdentifier>{759caed4-d322-4034-a2b0-6e0a7383ee51}</UniqueIdentifier>
    </Filter>
    <Filter Include="spdlog\details">
      <UniqueIdentifier>{000d5fa1-eb6d-4e80-ad7a-74663bada994}</UniqueIdentifier>
    </Filter>
    <Filter Include="spdlog\sinks">
      <UniqueIdentifier>{75e424af-5867-4781-a78e-c82f8cafaa0d}</UniqueIdentifier>
    </Filter>
  </ItemGroup>
  <ItemGroup>
    <ClInclude Include="Public\spdlog\async.h">
      <Filter>spdlog</Filter>
    </ClInclude>
    <ClInclude Include="Public\spdlog\async_logger.h">
      <Filter>spdlog</Filter>
    </ClInclude>
    <ClInclude Include="Public\spdlog\async_logger-inl.h">
      <Filter>spdlog</Filter>
    </ClInclude>
    <ClInclude Include="Public\spdlog\common.h">
      <Filter>spdlog</Filter>
    </ClInclude>
    <ClInclude Include="Public\spdlog\common-inl.h">
      <Filter>spdlog</Filter>
    </ClInclude>
    <ClInclude Include="Public\spdlog\formatter.h">
      <Filter>spdlog</Filter>
    </ClInclude>
    <ClInclude Include="Public\spdlog\fwd.h">
      <Filter>spdlog</Filter>
    </ClInclude>
    <ClInclude Include="Public\spdlog\logger.h">
      <Filter>spdlog</Filter>
    </ClInclude>
    <ClInclude Include="Public\spdlog\logger-inl.h">
      <Filter>spdlog</Filter>
    </ClInclude>
    <ClInclude Include="Public\spdlog\pattern_formatter.h">
      <Filter>spdlog</Filter>
    </ClInclude>
    <ClInclude Include="Public\spdlog\pattern_formatter-inl.h">
      <Filter>spdlog</Filter>
    </ClInclude>
    <ClInclude Include="Public\spdlog\spdlog.h">
      <Filter>spdlog</Filter>
    </ClInclude>
    <ClInclude Include="Public\spdlog\spdlog-inl.h">
      <Filter>spdlog</Filter>
    </ClInclude>
    <ClInclude Include="Public\spdlog\stopwatch.h">
      <Filter>spdlog</Filter>
    </ClInclude>
    <ClInclude Include="Public\spdlog\tweakme.h">
      <Filter>spdlog</Filter>
    </ClInclude>
    <ClInclude Include="Public\spdlog\version.h">
      <Filter>spdlog</Filter>
    </ClInclude>
    <ClInclude Include="Public\spdlog\cfg\argv.h">
      <Filter>spdlog\cfg</Filter>
    </ClInclude>
    <ClInclude Include="Public\spdlog\cfg\env.h">
      <Filter>spdlog\cfg</Filter>
    </ClInclude>
    <ClInclude Include="Public\spdlog\cfg\helpers.h">
      <Filter>spdlog\cfg</Filter>
    </ClInclude>
    <ClInclude Include="Public\spdlog\cfg\helpers-inl.h">
      <Filter>spdlog\cfg</Filter>
    </ClInclude>
    <ClInclude Include="Public\spdlog\details\backtracer.h">
      <Filter>spdlog\details</Filter>
    </ClInclude>
    <ClInclude Include="Public\spdlog\details\backtracer-inl.h">
      <Filter>spdlog\details</Filter>
    </ClInclude>
    <ClInclude Include="Public\spdlog\details\circular_q.h">
      <Filter>spdlog\details</Filter>
    </ClInclude>
    <ClInclude Include="Public\spdlog\details\console_globals.h">
      <Filter>spdlog\details</Filter>
    </ClInclude>
    <ClInclude Include="Public\spdlog\details\file_helper.h">
      <Filter>spdlog\details</Filter>
    </ClInclude>
    <ClInclude Include="Public\spdlog\details\file_helper-inl.h">
      <Filter>spdlog\details</Filter>
    </ClInclude>
    <ClInclude Include="Public\spdlog\details\fmt_helper.h">
      <Filter>spdlog\details</Filter>
    </ClInclude>
    <ClInclude Include="Public\spdlog\details\log_msg.h">
      <Filter>spdlog\details</Filter>
    </ClInclude>
    <ClInclude Include="Public\spdlog\details\log_msg_buffer.h">
      <Filter>spdlog\details</Filter>
    </ClInclude>
    <ClInclude Include="Public\spdlog\details\log_msg_buffer-inl.h">
      <Filter>spdlog\details</Filter>
    </ClInclude>
    <ClInclude Include="Public\spdlog\details\log_msg-inl.h">
      <Filter>spdlog\details</Filter>
    </ClInclude>
    <ClInclude Include="Public\spdlog\details\mpmc_blocking_q.h">
      <Filter>spdlog\details</Filter>
    </ClInclude>
    <ClInclude Include="Public\spdlog\details\null_mutex.h">
      <Filter>spdlog\details</Filter>
    </ClInclude>
    <ClInclude Include="Public\spdlog\details\os.h">
      <Filter>spdlog\details</Filter>
    </ClInclude>
    <ClInclude Include="Public\spdlog\details\os-inl.h">
      <Filter>spdlog\details</Filter>
    </ClInclude>
    <ClInclude Include="Public\spdlog\details\periodic_worker.h">
      <Filter>spdlog\details</Filter>
    </ClInclude>
    <ClInclude Include="Public\spdlog\details\periodic_worker-inl.h">
      <Filter>spdlog\details</Filter>
    </ClInclude>
    <ClInclude Include="Public\spdlog\details\registry.h">
      <Filter>spdlog\details</Filter>
    </ClInclude>
    <ClInclude Include="Public\spdlog\details\registry-inl.h">
      <Filter>spdlog\details</Filter>
    </ClInclude>
    <ClInclude Include="Public\spdlog\details\synchronous_factory.h">
      <Filter>spdlog\details</Filter>
    </ClInclude>
    <ClInclude Include="Public\spdlog\details\tcp_client.h">
      <Filter>spdlog\details</Filter>
    </ClInclude>
    <ClInclude Include="Public\spdlog\details\tcp_client-windows.h">
      <Filter>spdlog\details</Filter>
    </ClInclude>
    <ClInclude Include="Public\spdlog\details\thread_pool.h">
      <Filter>spdlog\details</Filter>
    </ClInclude>
    <ClInclude Include="Public\spdlog\details\thread_pool-inl.h">
      <Filter>spdlog\details</Filter>
    </ClInclude>
    <ClInclude Include="Public\spdlog\details\udp_client.h">
      <Filter>spdlog\details</Filter>
    </ClInclude>
    <ClInclude Include="Public\spdlog\details\udp_client-windows.h">
      <Filter>spdlog\details</Filter>
    </ClInclude>
    <ClInclude Include="Public\spdlog\details\windows_include.h">
      <Filter>spdlog\details</Filter>
    </ClInclude>
    <ClInclude Include="Public\spdlog\sinks\android_sink.h">
      <Filter>spdlog\sinks</Filter>
    </ClInclude>
    <ClInclude Include="Public\spdlog\sinks\ansicolor_sink.h">
      <Filter>spdlog\sinks</Filter>
    </ClInclude>
    <ClInclude Include="Public\spdlog\sinks\ansicolor_sink-inl.h">
      <Filter>spdlog\sinks</Filter>
    </ClInclude>
    <ClInclude Include="Public\spdlog\sinks\base_sink.h">
      <Filter>spdlog\sinks</Filter>
    </ClInclude>
    <ClInclude Include="Public\spdlog\sinks\base_sink-inl.h">
      <Filter>spdlog\sinks</Filter>
    </ClInclude>
    <ClInclude Include="Public\spdlog\sinks\basic_file_sink.h">
      <Filter>spdlog\sinks</Filter>
    </ClInclude>
    <ClInclude Include="Public\spdlog\sinks\basic_file_sink-inl.h">
      <Filter>spdlog\sinks</Filter>
    </ClInclude>
    <ClInclude Include="Public\spdlog\sinks\daily_file_sink.h">
      <Filter>spdlog\sinks</Filter>
    </ClInclude>
    <ClInclude Include="Public\spdlog\sinks\dist_sink.h">
      <Filter>spdlog\sinks</Filter>
    </ClInclude>
    <ClInclude Include="Public\spdlog\sinks\dup_filter_sink.h">
      <Filter>spdlog\sinks</Filter>
    </ClInclude>
    <ClInclude Include="Public\spdlog\sinks\hourly_file_sink.h">
      <Filter>spdlog\sinks</Filter>
    </ClInclude>
    <ClInclude Include="Public\spdlog\sinks\mongo_sink.h">
      <Filter>spdlog\sinks</Filter>
    </ClInclude>
    <ClInclude Include="Public\spdlog\sinks\msvc_sink.h">
      <Filter>spdlog\sinks</Filter>
    </ClInclude>
    <ClInclude Include="Public\spdlog\sinks\null_sink.h">
      <Filter>spdlog\sinks</Filter>
    </ClInclude>
    <ClInclude Include="Public\spdlog\sinks\ostream_sink.h">
      <Filter>spdlog\sinks</Filter>
    </ClInclude>
    <ClInclude Include="Public\spdlog\sinks\qt_sinks.h">
      <Filter>spdlog\sinks</Filter>
    </ClInclude>
    <ClInclude Include="Public\spdlog\sinks\ringbuffer_sink.h">
      <Filter>spdlog\sinks</Filter>
    </ClInclude>
    <ClInclude Include="Public\spdlog\sinks\rotating_file_sink.h">
      <Filter>spdlog\sinks</Filter>
    </ClInclude>
    <ClInclude Include="Public\spdlog\sinks\rotating_file_sink-inl.h">
      <Filter>spdlog\sinks</Filter>
    </ClInclude>
    <ClInclude Include="Public\spdlog\sinks\sink.h">
      <Filter>spdlog\sinks</Filter>
    </ClInclude>
    <ClInclude Include="Public\spdlog\sinks\sink-inl.h">
      <Filter>spdlog\sinks</Filter>
    </ClInclude>
    <ClInclude Include="Public\spdlog\sinks\stdout_color_sinks.h">
      <Filter>spdlog\sinks</Filter>
    </ClInclude>
    <ClInclude Include="Public\spdlog\sinks\stdout_color_sinks-inl.h">
      <Filter>spdlog\sinks</Filter>
    </ClInclude>
    <ClInclude Include="Public\spdlog\sinks\stdout_sinks.h">
      <Filter>spdlog\sinks</Filter>
    </ClInclude>
    <ClInclude Include="Public\spdlog\sinks\stdout_sinks-inl.h">
      <Filter>spdlog\sinks</Filter>
    </ClInclude>
    <ClInclude Include="Public\spdlog\sinks\syslog_sink.h">
      <Filter>spdlog\sinks</Filter>
    </ClInclude>
    <ClInclude Include="Public\spdlog\sinks\systemd_sink.h">
      <Filter>spdlog\sinks</Filter>
    </ClInclude>
    <ClInclude Include="Public\spdlog\sinks\tcp_sink.h">
      <Filter>spdlog\sinks</Filter>
    </ClInclude>
    <ClInclude Include="Public\spdlog\sinks\udp_sink.h">
      <Filter>spdlog\sinks</Filter>
    </ClInclude>
    <ClInclude Include="Public\spdlog\sinks\win_eventlog_sink.h">
      <Filter>spdlog\sinks</Filter>
    </ClInclude>
    <ClInclude Include="Public\spdlog\sinks\wincolor_sink.h">
      <Filter>spdlog\sinks</Filter>
    </ClInclude>
    <ClInclude Include="Public\spdlog\sinks\wincolor_sink-inl.h">
      <Filter>spdlog\sinks</Filter>
    </ClInclude>
    <ClInclude Include="Private\Logger\LoggerPCH.h">
      <Filter>Logger</Filter>
    </ClInclude>
    <ClInclude Include="Public\Logger\LoggerDLL.h">
      <Filter>Logger</Filter>
    </ClInclude>
    <ClInclude Include="Public\Logger\Logger.h">
      <Filter>Logger</Filter>
    </ClInclude>
    <ClInclude Include="Public\Logger\LogLevel.h">
      <Filter>Logger</Filter>
    </ClInclude>
    <ClInclude Include="Public\Logger\ScopedLogLevel.h">
      <Filter>Logger</Filter>
    </ClInclude>
  </ItemGroup>
  <ItemGroup>
    <ClCompile Include="Private\Logger\LoggerPCH.cpp">
      <Filter>Logger</Filter>
    </ClCompile>
    <ClCompile Include="Private\Logger\Logger.cpp">
      <Filter>Logger</Filter>
    </ClCompile>
    <ClCompile Include="Private\Logger\ScopedLogLevel.cpp">
      <Filter>Logger</Filter>
    </ClCompile>
  </ItemGroup>
</Project>